
Microsoft Visual Studio Solution File, Format Version 12.00
# Visual Studio Version 17
VisualStudioVersion = 17.0.31903.59
MinimumVisualStudioVersion = 10.0.40219.1
Project("{2150E333-8FDC-42A3-9474-1A3956D46DE8}") = "src", "src", "{827E0CD3-B72D-47B6-A68D-7590B98EB39B}"
EndProject
Project("{FAE04EC0-301F-11D3-BF4B-00C04F79EFBC}") = "InfraSentinel.Core", "src\InfraSentinel.Core\InfraSentinel.Core.csproj", "{02213EF5-D9A3-41B7-A636-A7767C1A8DFD}"
EndProject
Project("{2150E333-8FDC-42A3-9474-1A3956D46DE8}") = "tests", "tests", "{0AB3BF05-4346-4AA6-1389-037BE0695223}"
EndProject
Project("{FAE04EC0-301F-11D3-BF4B-00C04F79EFBC}") = "InfraSentinel.Core.Tests", "tests\InfraSentinel.Core.Tests\InfraSentinel.Core.Tests.csproj", "{CFE25A6F-16E2-4240-9ED2-BEAC1845A791}"
EndProject
Global
	GlobalSection(SolutionConfigurationPlatforms) = preSolution
		Debug|Any CPU = Debug|Any CPU
		Debug|x64 = Debug|x64
		Debug|x86 = Debug|x86
		Release|Any CPU = Release|Any CPU
		Release|x64 = Release|x64
		Release|x86 = Release|x86
	EndGlobalSection
	GlobalSection(ProjectConfigurationPlatforms) = postSolution
		{02213EF5-D9A3-41B7-A636-A7767C1A8DFD}.Debug|Any CPU.ActiveCfg = Debug|Any CPU
		{02213EF5-D9A3-41B7-A636-A7767C1A8DFD}.Debug|Any CPU.Build.0 = Debug|Any CPU
		{02213EF5-D9A3-41B7-A636-A7767C1A8DFD}.Debug|x64.ActiveCfg = Debug|Any CPU
		{02213EF5-D9A3-41B7-A636-A7767C1A8DFD}.Debug|x64.Build.0 = Debug|Any CPU
		{02213EF5-D9A3-41B7-A636-A7767C1A8DFD}.Debug|x86.ActiveCfg = Debug|Any CPU
		{02213EF5-D9A3-41B7-A636-A7767C1A8DFD}.Debug|x86.Build.0 = Debug|Any CPU
		{02213EF5-D9A3-41B7-A636-A7767C1A8DFD}.Release|Any CPU.ActiveCfg = Release|Any CPU
		{02213EF5-D9A3-41B7-A636-A7767C1A8DFD}.Release|Any CPU.Build.0 = Release|Any CPU
		{02213EF5-D9A3-41B7-A636-A7767C1A8DFD}.Release|x64.ActiveCfg = Release|Any CPU
		{02213EF5-D9A3-41B7-A636-A7767C1A8DFD}.Release|x64.Build.0 = Release|Any CPU
		{02213EF5-D9A3-41B7-A636-A7767C1A8DFD}.Release|x86.ActiveCfg = Release|Any CPU
		{02213EF5-D9A3-41B7-A636-A7767C1A8DFD}.Release|x86.Build.0 = Release|Any CPU
		{CFE25A6F-16E2-4240-9ED2-BEAC1845A791}.Debug|Any CPU.ActiveCfg = Debug|Any CPU
		{CFE25A6F-16E2-4240-9ED2-BEAC1845A791}.Debug|Any CPU.Build.0 = Debug|Any CPU
		{CFE25A6F-16E2-4240-9ED2-BEAC1845A791}.Debug|x64.ActiveCfg = Debug|Any CPU
		{CFE25A6F-16E2-4240-9ED2-BEAC1845A791}.Debug|x64.Build.0 = Debug|Any CPU
		{CFE25A6F-16E2-4240-9ED2-BEAC1845A791}.Debug|x86.ActiveCfg = Debug|Any CPU
		{CFE25A6F-16E2-4240-9ED2-BEAC1845A791}.Debug|x86.Build.0 = Debug|Any CPU
		{CFE25A6F-16E2-4240-9ED2-BEAC1845A791}.Release|Any CPU.ActiveCfg = Release|Any CPU
		{CFE25A6F-16E2-4240-9ED2-BEAC1845A791}.Release|Any CPU.Build.0 = Release|Any CPU
		{CFE25A6F-16E2-4240-9ED2-BEAC1845A791}.Release|x64.ActiveCfg = Release|Any CPU
		{CFE25A6F-16E2-4240-9ED2-BEAC1845A791}.Release|x64.Build.0 = Release|Any CPU
		{CFE25A6F-16E2-4240-9ED2-BEAC1845A791}.Release|x86.ActiveCfg = Release|Any CPU
		{CFE25A6F-16E2-4240-9ED2-BEAC1845A791}.Release|x86.Build.0 = Release|Any CPU
	EndGlobalSection
	GlobalSection(SolutionProperties) = preSolution
		HideSolutionNode = FALSE
	EndGlobalSection
	GlobalSection(NestedProjects) = preSolution
		{02213EF5-D9A3-41B7-A636-A7767C1A8DFD} = {827E0CD3-B72D-47B6-A68D-7590B98EB39B}
		{CFE25A6F-16E2-4240-9ED2-BEAC1845A791} = {0AB3BF05-4346-4AA6-1389-037BE0695223}
	EndGlobalSection
EndGlobal
